// !$*UTF8*$!
{
	archiveVersion = 1;
	classes = {
	};
	objectVersion = 46;
	objects = {

/* Begin PBXBuildFile section */
		EABCCFCB1CAAD99300959D3A /* main.m in Sources */ = {isa = PBXBuildFile; fileRef = EABCCFCA1CAAD99300959D3A /* main.m */; };
		EABCCFCE1CAAD99300959D3A /* AppDelegate.m in Sources */ = {isa = PBXBuildFile; fileRef = EABCCFCD1CAAD99300959D3A /* AppDelegate.m */; };
		EABCCFD11CAAD99300959D3A /* ViewController.m in Sources */ = {isa = PBXBuildFile; fileRef = EABCCFD01CAAD99300959D3A /* ViewController.m */; };
		EABCCFD41CAAD99300959D3A /* Main.storyboard in Resources */ = {isa = PBXBuildFile; fileRef = EABCCFD21CAAD99300959D3A /* Main.storyboard */; };
		EABCCFD61CAAD99300959D3A /* Assets.xcassets in Resources */ = {isa = PBXBuildFile; fileRef = EABCCFD51CAAD99300959D3A /* Assets.xcassets */; };
		EABCCFD91CAAD99300959D3A /* LaunchScreen.storyboard in Resources */ = {isa = PBXBuildFile; fileRef = EABCCFD71CAAD99300959D3A /* LaunchScreen.storyboard */; };
		EABCCFE41CAAD99300959D3A /* AppleWatchDemoTests.m in Sources */ = {isa = PBXBuildFile; fileRef = EABCCFE31CAAD99300959D3A /* AppleWatchDemoTests.m */; };
		EABCCFEF1CAAD99300959D3A /* AppleWatchDemoUITests.m in Sources */ = {isa = PBXBuildFile; fileRef = EABCCFEE1CAAD99300959D3A /* AppleWatchDemoUITests.m */; };
/* End PBXBuildFile section */

/* Begin PBXContainerItemProxy section */
		EABCCFE01CAAD99300959D3A /* PBXContainerItemProxy */ = {
			isa = PBXContainerItemProxy;
			containerPortal = EABCCFBE1CAAD99300959D3A /* Project object */;
			proxyType = 1;
			remoteGlobalIDString = EABCCFC51CAAD99300959D3A;
			remoteInfo = AppleWatchDemo;
		};
		EABCCFEB1CAAD99300959D3A /* PBXContainerItemProxy */ = {
			isa = PBXContainerItemProxy;
			containerPortal = EABCCFBE1CAAD99300959D3A /* Project object */;
			proxyType = 1;
			remoteGlobalIDString = EABCCFC51CAAD99300959D3A;
			remoteInfo = AppleWatchDemo;
		};
/* End PBXContainerItemProxy section */

/* Begin PBXFileReference section */
		EABCCFC61CAAD99300959D3A /* AppleWatchDemo.app */ = {isa = PBXFileReference; explicitFileType = wrapper.application; includeInIndex = 0; path = AppleWatchDemo.app; sourceTree = BUILT_PRODUCTS_DIR; };
		EABCCFCA1CAAD99300959D3A /* main.m */ = {isa = PBXFileReference; lastKnownFileType = sourcecode.c.objc; path = main.m; sourceTree = "<group>"; };
		EABCCFCC1CAAD99300959D3A /* AppDelegate.h */ = {isa = PBXFileReference; lastKnownFileType = sourcecode.c.h; path = AppDelegate.h; sourceTree = "<group>"; };
		EABCCFCD1CAAD99300959D3A /* AppDelegate.m */ = {isa = PBXFileReference; lastKnownFileType = sourcecode.c.objc; path = AppDelegate.m; sourceTree = "<group>"; };
		EABCCFCF1CAAD99300959D3A /* ViewController.h */ = {isa = PBXFileReference; lastKnownFileType = sourcecode.c.h; path = ViewController.h; sourceTree = "<group>"; };
		EABCCFD01CAAD99300959D3A /* ViewController.m */ = {isa = PBXFileReference; lastKnownFileType = sourcecode.c.objc; path = ViewController.m; sourceTree = "<group>"; };
		EABCCFD31CAAD99300959D3A /* Base */ = {isa = PBXFileReference; lastKnownFileType = file.storyboard; name = Base; path = Base.lproj/Main.storyboard; sourceTree = "<group>"; };
		EABCCFD51CAAD99300959D3A /* Assets.xcassets */ = {isa = PBXFileReference; lastKnownFileType = folder.assetcatalog; path = Assets.xcassets; sourceTree = "<group>"; };
		EABCCFD81CAAD99300959D3A /* Base */ = {isa = PBXFileReference; lastKnownFileType = file.storyboard; name = Base; path = Base.lproj/LaunchScreen.storyboard; sourceTree = "<group>"; };
		EABCCFDA1CAAD99300959D3A /* Info.plist */ = {isa = PBXFileReference; lastKnownFileType = text.plist.xml; path = Info.plist; sourceTree = "<group>"; };
		EABCCFDF1CAAD99300959D3A /* AppleWatchDemoTests.xctest */ = {isa = PBXFileReference; explicitFileType = wrapper.cfbundle; includeInIndex = 0; path = AppleWatchDemoTests.xctest; sourceTree = BUILT_PRODUCTS_DIR; };
		EABCCFE31CAAD99300959D3A /* AppleWatchDemoTests.m */ = {isa = PBXFileReference; lastKnownFileType = sourcecode.c.objc; path = AppleWatchDemoTests.m; sourceTree = "<group>"; };
		EABCCFE51CAAD99300959D3A /* Info.plist */ = {isa = PBXFileReference; lastKnownFileType = text.plist.xml; path = Info.plist; sourceTree = "<group>"; };
		EABCCFEA1CAAD99300959D3A /* AppleWatchDemoUITests.xctest */ = {isa = PBXFileReference; explicitFileType = wrapper.cfbundle; includeInIndex = 0; path = AppleWatchDemoUITests.xctest; sourceTree = BUILT_PRODUCTS_DIR; };
		EABCCFEE1CAAD99300959D3A /* AppleWatchDemoUITests.m */ = {isa = PBXFileReference; lastKnownFileType = sourcecode.c.objc; path = AppleWatchDemoUITests.m; sourceTree = "<group>"; };
		EABCCFF01CAAD99300959D3A /* Info.plist */ = {isa = PBXFileReference; lastKnownFileType = text.plist.xml; path = Info.plist; sourceTree = "<group>"; };
/* End PBXFileReference section */

/* Begin PBXFrameworksBuildPhase section */
		EABCCFC31CAAD99300959D3A /* Frameworks */ = {
			isa = PBXFrameworksBuildPhase;
			buildActionMask = 2147483647;
			files = (
			);
			runOnlyForDeploymentPostprocessing = 0;
		};
		EABCCFDC1CAAD99300959D3A /* Frameworks */ = {
			isa = PBXFrameworksBuildPhase;
			buildActionMask = 2147483647;
			files = (
			);
			runOnlyForDeploymentPostprocessing = 0;
		};
		EABCCFE71CAAD99300959D3A /* Frameworks */ = {
			isa = PBXFrameworksBuildPhase;
			buildActionMask = 2147483647;
			files = (
			);
			runOnlyForDeploymentPostprocessing = 0;
		};
/* End PBXFrameworksBuildPhase section */

/* Begin PBXGroup section */
		EABCCFBD1CAAD99300959D3A = {
			isa = PBXGroup;
			children = (
				EABCCFC81CAAD99300959D3A /* AppleWatchDemo */,
				EABCCFE21CAAD99300959D3A /* AppleWatchDemoTests */,
				EABCCFED1CAAD99300959D3A /* AppleWatchDemoUITests */,
				EABCCFC71CAAD99300959D3A /* Products */,
			);
			sourceTree = "<group>";
		};
		EABCCFC71CAAD99300959D3A /* Products */ = {
			isa = PBXGroup;
			children = (
				EABCCFC61CAAD99300959D3A /* AppleWatchDemo.app */,
				EABCCFDF1CAAD99300959D3A /* AppleWatchDemoTests.xctest */,
				EABCCFEA1CAAD99300959D3A /* AppleWatchDemoUITests.xctest */,
			);
			name = Products;
			sourceTree = "<group>";
		};
		EABCCFC81CAAD99300959D3A /* AppleWatchDemo */ = {
			isa = PBXGroup;
			children = (
				EABCCFCC1CAAD99300959D3A /* AppDelegate.h */,
				EABCCFCD1CAAD99300959D3A /* AppDelegate.m */,
				EABCCFCF1CAAD99300959D3A /* ViewController.h */,
				EABCCFD01CAAD99300959D3A /* ViewController.m */,
				EABCCFD21CAAD99300959D3A /* Main.storyboard */,
				EABCCFD51CAAD99300959D3A /* Assets.xcassets */,
				EABCCFD71CAAD99300959D3A /* LaunchScreen.storyboard */,
				EABCCFDA1CAAD99300959D3A /* Info.plist */,
				EABCCFC91CAAD99300959D3A /* Supporting Files */,
			);
			path = AppleWatchDemo;
			sourceTree = "<group>";
		};
		EABCCFC91CAAD99300959D3A /* Supporting Files */ = {
			isa = PBXGroup;
			children = (
				EABCCFCA1CAAD99300959D3A /* main.m */,
			);
			name = "Supporting Files";
			sourceTree = "<group>";
		};
		EABCCFE21CAAD99300959D3A /* AppleWatchDemoTests */ = {
			isa = PBXGroup;
			children = (
				EABCCFE31CAAD99300959D3A /* AppleWatchDemoTests.m */,
				EABCCFE51CAAD99300959D3A /* Info.plist */,
			);
			path = AppleWatchDemoTests;
			sourceTree = "<group>";
		};
		EABCCFED1CAAD99300959D3A /* AppleWatchDemoUITests */ = {
			isa = PBXGroup;
			children = (
				EABCCFEE1CAAD99300959D3A /* AppleWatchDemoUITests.m */,
				EABCCFF01CAAD99300959D3A /* Info.plist */,
			);
			path = AppleWatchDemoUITests;
			sourceTree = "<group>";
		};
/* End PBXGroup section */

/* Begin PBXNativeTarget section */
		EABCCFC51CAAD99300959D3A /* AppleWatchDemo */ = {
			isa = PBXNativeTarget;
			buildConfigurationList = EABCCFF31CAAD99300959D3A /* Build configuration list for PBXNativeTarget "AppleWatchDemo" */;
			buildPhases = (
				EABCCFC21CAAD99300959D3A /* Sources */,
				EABCCFC31CAAD99300959D3A /* Frameworks */,
				EABCCFC41CAAD99300959D3A /* Resources */,
			);
			buildRules = (
			);
			dependencies = (
			);
			name = AppleWatchDemo;
			productName = AppleWatchDemo;
			productReference = EABCCFC61CAAD99300959D3A /* AppleWatchDemo.app */;
			productType = "com.apple.product-type.application";
		};
		EABCCFDE1CAAD99300959D3A /* AppleWatchDemoTests */ = {
			isa = PBXNativeTarget;
			buildConfigurationList = EABCCFF61CAAD99300959D3A /* Build configuration list for PBXNativeTarget "AppleWatchDemoTests" */;
			buildPhases = (
				EABCCFDB1CAAD99300959D3A /* Sources */,
				EABCCFDC1CAAD99300959D3A /* Frameworks */,
				EABCCFDD1CAAD99300959D3A /* Resources */,
			);
			buildRules = (
			);
			dependencies = (
				EABCCFE11CAAD99300959D3A /* PBXTargetDependency */,
			);
			name = AppleWatchDemoTests;
			productName = AppleWatchDemoTests;
			productReference = EABCCFDF1CAAD99300959D3A /* AppleWatchDemoTests.xctest */;
			productType = "com.apple.product-type.bundle.unit-test";
		};
		EABCCFE91CAAD99300959D3A /* AppleWatchDemoUITests */ = {
			isa = PBXNativeTarget;
			buildConfigurationList = EABCCFF91CAAD99300959D3A /* Build configuration list for PBXNativeTarget "AppleWatchDemoUITests" */;
			buildPhases = (
				EABCCFE61CAAD99300959D3A /* Sources */,
				EABCCFE71CAAD99300959D3A /* Frameworks */,
				EABCCFE81CAAD99300959D3A /* Resources */,
			);
			buildRules = (
			);
			dependencies = (
				EABCCFEC1CAAD99300959D3A /* PBXTargetDependency */,
			);
			name = AppleWatchDemoUITests;
			productName = AppleWatchDemoUITests;
			productReference = EABCCFEA1CAAD99300959D3A /* AppleWatchDemoUITests.xctest */;
			productType = "com.apple.product-type.bundle.ui-testing";
		};
/* End PBXNativeTarget section */

/* Begin PBXProject section */
		EABCCFBE1CAAD99300959D3A /* Project object */ = {
			isa = PBXProject;
			attributes = {
				LastUpgradeCheck = 0720;
				ORGANIZATIONNAME = PrivateDocument;
				TargetAttributes = {
					EABCCFC51CAAD99300959D3A = {
						CreatedOnToolsVersion = 7.2;
					};
					EABCCFDE1CAAD99300959D3A = {
						CreatedOnToolsVersion = 7.2;
						TestTargetID = EABCCFC51CAAD99300959D3A;
					};
					EABCCFE91CAAD99300959D3A = {
						CreatedOnToolsVersion = 7.2;
						TestTargetID = EABCCFC51CAAD99300959D3A;
					};
				};
			};
			buildConfigurationList = EABCCFC11CAAD99300959D3A /* Build configuration list for PBXProject "AppleWatchDemo" */;
			compatibilityVersion = "Xcode 3.2";
			developmentRegion = English;
			hasScannedForEncodings = 0;
			knownRegions = (
				en,
				Base,
			);
			mainGroup = EABCCFBD1CAAD99300959D3A;
			productRefGroup = EABCCFC71CAAD99300959D3A /* Products */;
			projectDirPath = "";
			projectRoot = "";
			targets = (
				EABCCFC51CAAD99300959D3A /* AppleWatchDemo */,
				EABCCFDE1CAAD99300959D3A /* AppleWatchDemoTests */,
				EABCCFE91CAAD99300959D3A /* AppleWatchDemoUITests */,
			);
		};
/* End PBXProject section */

/* Begin PBXResourcesBuildPhase section */
		EABCCFC41CAAD99300959D3A /* Resources */ = {
			isa = PBXResourcesBuildPhase;
			buildActionMask = 2147483647;
			files = (
				EABCCFD91CAAD99300959D3A /* LaunchScreen.storyboard in Resources */,
				EABCCFD61CAAD99300959D3A /* Assets.xcassets in Resources */,
				EABCCFD41CAAD99300959D3A /* Main.storyboard in Resources */,
			);
			runOnlyForDeploymentPostprocessing = 0;
		};
		EABCCFDD1CAAD99300959D3A /* Resources */ = {
			isa = PBXResourcesBuildPhase;
			buildActionMask = 2147483647;
			files = (
			);
			runOnlyForDeploymentPostprocessing = 0;
		};
		EABCCFE81CAAD99300959D3A /* Resources */ = {
			isa = PBXResourcesBuildPhase;
			buildActionMask = 2147483647;
			files = (
			);
			runOnlyForDeploymentPostprocessing = 0;
		};
/* End PBXResourcesBuildPhase section */

/* Begin PBXSourcesBuildPhase section */
		EABCCFC21CAAD99300959D3A /* Sources */ = {
			isa = PBXSourcesBuildPhase;
			buildActionMask = 2147483647;
			files = (
				EABCCFD11CAAD99300959D3A /* ViewController.m in Sources */,
				EABCCFCE1CAAD99300959D3A /* AppDelegate.m in Sources */,
				EABCCFCB1CAAD99300959D3A /* main.m in Sources */,
			);
			runOnlyForDeploymentPostprocessing = 0;
		};
		EABCCFDB1CAAD99300959D3A /* Sources */ = {
			isa = PBXSourcesBuildPhase;
			buildActionMask = 2147483647;
			files = (
				EABCCFE41CAAD99300959D3A /* AppleWatchDemoTests.m in Sources */,
			);
			runOnlyForDeploymentPostprocessing = 0;
		};
		EABCCFE61CAAD99300959D3A /* Sources */ = {
			isa = PBXSourcesBuildPhase;
			buildActionMask = 2147483647;
			files = (
				EABCCFEF1CAAD99300959D3A /* AppleWatchDemoUITests.m in Sources */,
			);
			runOnlyForDeploymentPostprocessing = 0;
		};
/* End PBXSourcesBuildPhase section */

/* Begin PBXTargetDependency section */
		EABCCFE11CAAD99300959D3A /* PBXTargetDependency */ = {
			isa = PBXTargetDependency;
			target = EABCCFC51CAAD99300959D3A /* AppleWatchDemo */;
			targetProxy = EABCCFE01CAAD99300959D3A /* PBXContainerItemProxy */;
		};
		EABCCFEC1CAAD99300959D3A /* PBXTargetDependency */ = {
			isa = PBXTargetDependency;
			target = EABCCFC51CAAD99300959D3A /* AppleWatchDemo */;
			targetProxy = EABCCFEB1CAAD99300959D3A /* PBXContainerItemProxy */;
		};
/* End PBXTargetDependency section */

/* Begin PBXVariantGroup section */
		EABCCFD21CAAD99300959D3A /* Main.storyboard */ = {
			isa = PBXVariantGroup;
			children = (
				EABCCFD31CAAD99300959D3A /* Base */,
			);
			name = Main.storyboard;
			sourceTree = "<group>";
		};
		EABCCFD71CAAD99300959D3A /* LaunchScreen.storyboard */ = {
			isa = PBXVariantGroup;
			children = (
				EABCCFD81CAAD99300959D3A /* Base */,
			);
			name = LaunchScreen.storyboard;
			sourceTree = "<group>";
		};
/* End PBXVariantGroup section */

/* Begin XCBuildConfiguration section */
		EABCCFF11CAAD99300959D3A /* Debug */ = {
			isa = XCBuildConfiguration;
			buildSettings = {
				ALWAYS_SEARCH_USER_PATHS = NO;
				CLANG_CXX_LANGUAGE_STANDARD = "gnu++0x";
				CLANG_CXX_LIBRARY = "libc++";
				CLANG_ENABLE_MODULES = YES;
				CLANG_ENABLE_OBJC_ARC = YES;
				CLANG_WARN_BOOL_CONVERSION = YES;
				CLANG_WARN_CONSTANT_CONVERSION = YES;
				CLANG_WARN_DIRECT_OBJC_ISA_USAGE = YES_ERROR;
				CLANG_WARN_EMPTY_BODY = YES;
				CLANG_WARN_ENUM_CONVERSION = YES;
				CLANG_WARN_INT_CONVERSION = YES;
				CLANG_WARN_OBJC_ROOT_CLASS = YES_ERROR;
				CLANG_WARN_UNREACHABLE_CODE = YES;
				CLANG_WARN__DUPLICATE_METHOD_MATCH = YES;
				"CODE_SIGN_IDENTITY[sdk=iphoneos*]" = "iPhone Developer";
				COPY_PHASE_STRIP = NO;
				DEBUG_INFORMATION_FORMAT = dwarf;
				ENABLE_STRICT_OBJC_MSGSEND = YES;
				ENABLE_TESTABILITY = YES;
				GCC_C_LANGUAGE_STANDARD = gnu99;
				GCC_DYNAMIC_NO_PIC = NO;
				GCC_NO_COMMON_BLOCKS = YES;
				GCC_OPTIMIZATION_LEVEL = 0;
				GCC_PREPROCESSOR_DEFINITIONS = (
					"DEBUG=1",
					"$(inherited)",
				);
				GCC_WARN_64_TO_32_BIT_CONVERSION = YES;
				GCC_WARN_ABOUT_RETURN_TYPE = YES_ERROR;
				GCC_WARN_UNDECLARED_SELECTOR = YES;
				GCC_WARN_UNINITIALIZED_AUTOS = YES_AGGRESSIVE;
				GCC_WARN_UNUSED_FUNCTION = YES;
				GCC_WARN_UNUSED_VARIABLE = YES;
				IPHONEOS_DEPLOYMENT_TARGET = 9.2;
				MTL_ENABLE_DEBUG_INFO = YES;
				ONLY_ACTIVE_ARCH = YES;
				SDKROOT = iphoneos;
			};
			name = Debug;
		};
		EABCCFF21CAAD99300959D3A /* Release */ = {
			isa = XCBuildConfiguration;
			buildSettings = {
				ALWAYS_SEARCH_USER_PATHS = NO;
				CLANG_CXX_LANGUAGE_STANDARD = "gnu++0x";
				CLANG_CXX_LIBRARY = "libc++";
				CLANG_ENABLE_MODULES = YES;
				CLANG_ENABLE_OBJC_ARC = YES;
				CLANG_WARN_BOOL_CONVERSION = YES;
				CLANG_WARN_CONSTANT_CONVERSION = YES;
				CLANG_WARN_DIRECT_OBJC_ISA_USAGE = YES_ERROR;
				CLANG_WARN_EMPTY_BODY = YES;
				CLANG_WARN_ENUM_CONVERSION = YES;
				CLANG_WARN_INT_CONVERSION = YES;
				CLANG_WARN_OBJC_ROOT_CLASS = YES_ERROR;
				CLANG_WARN_UNREACHABLE_CODE = YES;
				CLANG_WARN__DUPLICATE_METHOD_MATCH = YES;
				"CODE_SIGN_IDENTITY[sdk=iphoneos*]" = "iPhone Developer";
				COPY_PHASE_STRIP = NO;
				DEBUG_INFORMATION_FORMAT = "dwarf-with-dsym";
				ENABLE_NS_ASSERTIONS = NO;
				ENABLE_STRICT_OBJC_MSGSEND = YES;
				GCC_C_LANGUAGE_STANDARD = gnu99;
				GCC_NO_COMMON_BLOCKS = YES;
				GCC_WARN_64_TO_32_BIT_CONVERSION = YES;
				GCC_WARN_ABOUT_RETURN_TYPE = YES_ERROR;
				GCC_WARN_UNDECLARED_SELECTOR = YES;
				GCC_WARN_UNINITIALIZED_AUTOS = YES_AGGRESSIVE;
				GCC_WARN_UNUSED_FUNCTION = YES;
				GCC_WARN_UNUSED_VARIABLE = YES;
				IPHONEOS_DEPLOYMENT_TARGET = 9.2;
				MTL_ENABLE_DEBUG_INFO = NO;
				SDKROOT = iphoneos;
				VALIDATE_PRODUCT = YES;
			};
			name = Release;
		};
		EABCCFF41CAAD99300959D3A /* Debug */ = {
			isa = XCBuildConfiguration;
			buildSettings = {
				ASSETCATALOG_COMPILER_APPICON_NAME = AppIcon;
				INFOPLIST_FILE = AppleWatchDemo/Info.plist;
				LD_RUNPATH_SEARCH_PATHS = "$(inherited) @executable_path/Frameworks";
				PRODUCT_BUNDLE_IDENTIFIER = TonyZhang.AppleWatchDemo;
				PRODUCT_NAME = "$(TARGET_NAME)";
			};
			name = Debug;
		};
		EABCCFF51CAAD99300959D3A /* Release */ = {
			isa = XCBuildConfiguration;
			buildSettings = {
				ASSETCATALOG_COMPILER_APPICON_NAME = AppIcon;
				INFOPLIST_FILE = AppleWatchDemo/Info.plist;
				LD_RUNPATH_SEARCH_PATHS = "$(inherited) @executable_path/Frameworks";
				PRODUCT_BUNDLE_IDENTIFIER = TonyZhang.AppleWatchDemo;
				PRODUCT_NAME = "$(TARGET_NAME)";
			};
			name = Release;
		};
		EABCCFF71CAAD99300959D3A /* Debug */ = {
			isa = XCBuildConfiguration;
			buildSettings = {
				BUNDLE_LOADER = "$(TEST_HOST)";
				INFOPLIST_FILE = AppleWatchDemoTests/Info.plist;
				LD_RUNPATH_SEARCH_PATHS = "$(inherited) @executable_path/Frameworks @loader_path/Frameworks";
				PRODUCT_BUNDLE_IDENTIFIER = TonyZhang.AppleWatchDemoTests;
				PRODUCT_NAME = "$(TARGET_NAME)";
				TEST_HOST = "$(BUILT_PRODUCTS_DIR)/AppleWatchDemo.app/AppleWatchDemo";
			};
			name = Debug;
		};
		EABCCFF81CAAD99300959D3A /* Release */ = {
			isa = XCBuildConfiguration;
			buildSettings = {
				BUNDLE_LOADER = "$(TEST_HOST)";
				INFOPLIST_FILE = AppleWatchDemoTests/Info.plist;
				LD_RUNPATH_SEARCH_PATHS = "$(inherited) @executable_path/Frameworks @loader_path/Frameworks";
				PRODUCT_BUNDLE_IDENTIFIER = TonyZhang.AppleWatchDemoTests;
				PRODUCT_NAME = "$(TARGET_NAME)";
				TEST_HOST = "$(BUILT_PRODUCTS_DIR)/AppleWatchDemo.app/AppleWatchDemo";
			};
			name = Release;
		};
		EABCCFFA1CAAD99300959D3A /* Debug */ = {
			isa = XCBuildConfiguration;
			buildSettings = {
				INFOPLIST_FILE = AppleWatchDemoUITests/Info.plist;
				LD_RUNPATH_SEARCH_PATHS = "$(inherited) @executable_path/Frameworks @loader_path/Frameworks";
				PRODUCT_BUNDLE_IDENTIFIER = TonyZhang.AppleWatchDemoUITests;
				PRODUCT_NAME = "$(TARGET_NAME)";
				TEST_TARGET_NAME = AppleWatchDemo;
				USES_XCTRUNNER = YES;
			};
			name = Debug;
		};
		EABCCFFB1CAAD99300959D3A /* Release */ = {
			isa = XCBuildConfiguration;
			buildSettings = {
				INFOPLIST_FILE = AppleWatchDemoUITests/Info.plist;
				LD_RUNPATH_SEARCH_PATHS = "$(inherited) @executable_path/Frameworks @loader_path/Frameworks";
				PRODUCT_BUNDLE_IDENTIFIER = TonyZhang.AppleWatchDemoUITests;
				PRODUCT_NAME = "$(TARGET_NAME)";
				TEST_TARGET_NAME = AppleWatchDemo;
				USES_XCTRUNNER = YES;
			};
			name = Release;
		};
/* End XCBuildConfiguration section */

/* Begin XCConfigurationList section */
		EABCCFC11CAAD99300959D3A /* Build configuration list for PBXProject "AppleWatchDemo" */ = {
			isa = XCConfigurationList;
			buildConfigurations = (
				EABCCFF11CAAD99300959D3A /* Debug */,
				EABCCFF21CAAD99300959D3A /* Release */,
			);
			defaultConfigurationIsVisible = 0;
			defaultConfigurationName = Release;
		};
		EABCCFF31CAAD99300959D3A /* Build configuration list for PBXNativeTarget "AppleWatchDemo" */ = {
			isa = XCConfigurationList;
			buildConfigurations = (
				EABCCFF41CAAD99300959D3A /* Debug */,
				EABCCFF51CAAD99300959D3A /* Release */,
			);
			defaultConfigurationIsVisible = 0;
		};
		EABCCFF61CAAD99300959D3A /* Build configuration list for PBXNativeTarget "AppleWatchDemoTests" */ = {
			isa = XCConfigurationList;
			buildConfigurations = (
				EABCCFF71CAAD99300959D3A /* Debug */,
				EABCCFF81CAAD99300959D3A /* Release */,
			);
			defaultConfigurationIsVisible = 0;
		};
		EABCCFF91CAAD99300959D3A /* Build configuration list for PBXNativeTarget "AppleWatchDemoUITests" */ = {
			isa = XCConfigurationList;
			buildConfigurations = (
				EABCCFFA1CAAD99300959D3A /* Debug */,
				EABCCFFB1CAAD99300959D3A /* Release */,
			);
			defaultConfigurationIsVisible = 0;
		};
/* End XCConfigurationList section */
	};
	rootObject = EABCCFBE1CAAD99300959D3A /* Project object */;
}
